# THIS IS AN AUTOGENERATED FILE. DO NOT EDIT THIS FILE DIRECTLY.
# yarn lockfile v1


"@siem_aga/unique-id-generator@^1.0.0":
  version "1.0.0"
  resolved "https://registry.yarnpkg.com/@siem_aga/unique-id-generator/-/unique-id-generator-1.0.0.tgz#ff80f43aa1b36d1427dd7a2b96ca7bec93057ed1"
  integrity sha512-UZBiqNDoahzTjxQXlVRMXMXOQR7dJLe4TqKPqXP5VDLQDJ6CW8yWstO2BhiMK96FXl3SRpmv6i25NH8GuAiGHA==
